
Microsoft Visual Studio Solution File, Format Version 12.00
# Visual Studio 15
VisualStudioVersion = 15.0.27428.2015
MinimumVisualStudioVersion = 10.0.40219.1
Project("{FAE04EC0-301F-11D3-BF4B-00C04F79EFBC}") = "WindowsFormsApp1", "WindowsFormsApp1\WindowsFormsApp1.csproj", "{AC5E6E0D-1F89-43B4-B4BB-1A6BBABF52E9}"
EndProject
Global
	GlobalSection(SolutionConfigurationPlatforms) = preSolution
		Debug|Any CPU = Debug|Any CPU
		Release|Any CPU = Release|Any CPU
	EndGlobalSection
	GlobalSection(ProjectConfigurationPlatforms) = postSolution
		{AC5E6E0D-1F89-43B4-B4BB-1A6BBABF52E9}.Debug|Any CPU.ActiveCfg = Debug|Any CPU
		{AC5E6E0D-1F89-43B4-B4BB-1A6BBABF52E9}.Debug|Any CPU.Build.0 = Debug|Any CPU
		{AC5E6E0D-1F89-43B4-B4BB-1A6BBABF52E9}.Release|Any CPU.ActiveCfg = Release|Any CPU
		{AC5E6E0D-1F89-43B4-B4BB-1A6BBABF52E9}.Release|Any CPU.Build.0 = Release|Any CPU
	EndGlobalSection
	GlobalSection(SolutionProperties) = preSolution
		HideSolutionNode = FALSE
	EndGlobalSection
	GlobalSection(ExtensibilityGlobals) = postSolution
		SolutionGuid = {5D11316C-FD13-4D1C-9CFD-799821DEF12B}
	EndGlobalSection
EndGlobal
